
Microsoft Visual Studio Solution File, Format Version 12.00
# Visual Studio Version 17
VisualStudioVersion = 17.9.34723.18
MinimumVisualStudioVersion = 10.0.40219.1
Project("{FAE04EC0-301F-11D3-BF4B-00C04F79EFBC}") = "BMI Calculator", "BMI Calculator\BMI Calculator.csproj", "{1A2659F4-0F15-43EA-9D59-85506D1159C2}"
EndProject
Global
	GlobalSection(SolutionConfigurationPlatforms) = preSolution
		Debug|Any CPU = Debug|Any CPU
		Release|Any CPU = Release|Any CPU
	EndGlobalSection
	GlobalSection(ProjectConfigurationPlatforms) = postSolution
		{1A2659F4-0F15-43EA-9D59-85506D1159C2}.Debug|Any CPU.ActiveCfg = Debug|Any CPU
		{1A2659F4-0F15-43EA-9D59-85506D1159C2}.Debug|Any CPU.Build.0 = Debug|Any CPU
		{1A2659F4-0F15-43EA-9D59-85506D1159C2}.Release|Any CPU.ActiveCfg = Release|Any CPU
		{1A2659F4-0F15-43EA-9D59-85506D1159C2}.Release|Any CPU.Build.0 = Release|Any CPU
	EndGlobalSection
	GlobalSection(SolutionProperties) = preSolution
		HideSolutionNode = FALSE
	EndGlobalSection
	GlobalSection(ExtensibilityGlobals) = postSolution
		SolutionGuid = {7E3719D7-9D37-4A9B-BA91-2DF6128F0CFB}
	EndGlobalSection
EndGlobal
